// !$*UTF8*$!
{
	archiveVersion = 1;
	classes = {
	};
	objectVersion = 46;
	objects = {

/* Begin PBXBuildFile section */
		18E71B2B1CCEB0B500DB94ED /* AppDelegate.swift in Sources */ = {isa = PBXBuildFile; fileRef = 18E71B2A1CCEB0B500DB94ED /* AppDelegate.swift */; };
		18E71B2D1CCEB0B500DB94ED /* ViewController.swift in Sources */ = {isa = PBXBuildFile; fileRef = 18E71B2C1CCEB0B500DB94ED /* ViewController.swift */; };
		18E71B301CCEB0B500DB94ED /* Main.storyboard in Resources */ = {isa = PBXBuildFile; fileRef = 18E71B2E1CCEB0B500DB94ED /* Main.storyboard */; };
		18E71B331CCEB0B500DB94ED /* MyScrum.xcdatamodeld in Sources */ = {isa = PBXBuildFile; fileRef = 18E71B311CCEB0B500DB94ED /* MyScrum.xcdatamodeld */; };
		18E71B351CCEB0B500DB94ED /* Assets.xcassets in Resources */ = {isa = PBXBuildFile; fileRef = 18E71B341CCEB0B500DB94ED /* Assets.xcassets */; };
		18E71B381CCEB0B500DB94ED /* LaunchScreen.storyboard in Resources */ = {isa = PBXBuildFile; fileRef = 18E71B361CCEB0B500DB94ED /* LaunchScreen.storyboard */; };
		18E71B471CCECB3400DB94ED /* Reminder+CoreDataProperties.swift in Sources */ = {isa = PBXBuildFile; fileRef = 18E71B3F1CCECB3400DB94ED /* Reminder+CoreDataProperties.swift */; };
		18E71B481CCECB3400DB94ED /* Reminder.swift in Sources */ = {isa = PBXBuildFile; fileRef = 18E71B401CCECB3400DB94ED /* Reminder.swift */; };
		18E71B4A1CCECB3400DB94ED /* Board.swift in Sources */ = {isa = PBXBuildFile; fileRef = 18E71B421CCECB3400DB94ED /* Board.swift */; };
		18E71B4D1CCECB3400DB94ED /* Goal+CoreDataProperties.swift in Sources */ = {isa = PBXBuildFile; fileRef = 18E71B451CCECB3400DB94ED /* Goal+CoreDataProperties.swift */; };
		18E71B4E1CCECB3400DB94ED /* Goal.swift in Sources */ = {isa = PBXBuildFile; fileRef = 18E71B461CCECB3400DB94ED /* Goal.swift */; };
		18E71B531CCECC3E00DB94ED /* customTextField.swift in Sources */ = {isa = PBXBuildFile; fileRef = 18E71B521CCECC3E00DB94ED /* customTextField.swift */; };
		18E71B551CCECC9200DB94ED /* MaterialView.swift in Sources */ = {isa = PBXBuildFile; fileRef = 18E71B541CCECC9200DB94ED /* MaterialView.swift */; };
		18E71B571CD4093100DB94ED /* boardCell.swift in Sources */ = {isa = PBXBuildFile; fileRef = 18E71B561CD4093100DB94ED /* boardCell.swift */; };
		18E71B5A1CD40B4C00DB94ED /* Right Chalk.ttf in Resources */ = {isa = PBXBuildFile; fileRef = 18E71B591CD40B4C00DB94ED /* Right Chalk.ttf */; };
		18E71B5C1CD40CB000DB94ED /* DJB Chalk It Up.ttf in Resources */ = {isa = PBXBuildFile; fileRef = 18E71B5B1CD40CB000DB94ED /* DJB Chalk It Up.ttf */; };
		18E71B5E1CD60EB900DB94ED /* Task+CoreDataProperties.swift in Sources */ = {isa = PBXBuildFile; fileRef = 18E71B5D1CD60EB900DB94ED /* Task+CoreDataProperties.swift */; };
		18E71B601CD60EF600DB94ED /* Task.swift in Sources */ = {isa = PBXBuildFile; fileRef = 18E71B5F1CD60EF600DB94ED /* Task.swift */; };
		18E71B631CD6EB4600DB94ED /* BoardDetailsVC.swift in Sources */ = {isa = PBXBuildFile; fileRef = 18E71B621CD6EB4600DB94ED /* BoardDetailsVC.swift */; };
		18E71B661CD6F29700DB94ED /* Board+CoreDataProperties.swift in Sources */ = {isa = PBXBuildFile; fileRef = 18E71B641CD6F29700DB94ED /* Board+CoreDataProperties.swift */; };
/* End PBXBuildFile section */

/* Begin PBXFileReference section */
		18E71B271CCEB0B500DB94ED /* MyScrum.app */ = {isa = PBXFileReference; explicitFileType = wrapper.application; includeInIndex = 0; path = MyScrum.app; sourceTree = BUILT_PRODUCTS_DIR; };
		18E71B2A1CCEB0B500DB94ED /* AppDelegate.swift */ = {isa = PBXFileReference; lastKnownFileType = sourcecode.swift; path = AppDelegate.swift; sourceTree = "<group>"; };
		18E71B2C1CCEB0B500DB94ED /* ViewController.swift */ = {isa = PBXFileReference; lastKnownFileType = sourcecode.swift; path = ViewController.swift; sourceTree = "<group>"; };
		18E71B2F1CCEB0B500DB94ED /* Base */ = {isa = PBXFileReference; lastKnownFileType = file.storyboard; name = Base; path = Base.lproj/Main.storyboard; sourceTree = "<group>"; };
		18E71B321CCEB0B500DB94ED /* MyScrum.xcdatamodel */ = {isa = PBXFileReference; lastKnownFileType = wrapper.xcdatamodel; path = MyScrum.xcdatamodel; sourceTree = "<group>"; };
		18E71B341CCEB0B500DB94ED /* Assets.xcassets */ = {isa = PBXFileReference; lastKnownFileType = folder.assetcatalog; path = Assets.xcassets; sourceTree = "<group>"; };
		18E71B371CCEB0B500DB94ED /* Base */ = {isa = PBXFileReference; lastKnownFileType = file.storyboard; name = Base; path = Base.lproj/LaunchScreen.storyboard; sourceTree = "<group>"; };
		18E71B391CCEB0B500DB94ED /* Info.plist */ = {isa = PBXFileReference; lastKnownFileType = text.plist.xml; path = Info.plist; sourceTree = "<group>"; };
		18E71B3F1CCECB3400DB94ED /* Reminder+CoreDataProperties.swift */ = {isa = PBXFileReference; fileEncoding = 4; lastKnownFileType = sourcecode.swift; path = "Reminder+CoreDataProperties.swift"; sourceTree = "<group>"; };
		18E71B401CCECB3400DB94ED /* Reminder.swift */ = {isa = PBXFileReference; fileEncoding = 4; lastKnownFileType = sourcecode.swift; path = Reminder.swift; sourceTree = "<group>"; };
		18E71B421CCECB3400DB94ED /* Board.swift */ = {isa = PBXFileReference; fileEncoding = 4; lastKnownFileType = sourcecode.swift; path = Board.swift; sourceTree = "<group>"; };
		18E71B451CCECB3400DB94ED /* Goal+CoreDataProperties.swift */ = {isa = PBXFileReference; fileEncoding = 4; lastKnownFileType = sourcecode.swift; path = "Goal+CoreDataProperties.swift"; sourceTree = "<group>"; };
		18E71B461CCECB3400DB94ED /* Goal.swift */ = {isa = PBXFileReference; fileEncoding = 4; lastKnownFileType = sourcecode.swift; path = Goal.swift; sourceTree = "<group>"; };
		18E71B521CCECC3E00DB94ED /* customTextField.swift */ = {isa = PBXFileReference; fileEncoding = 4; lastKnownFileType = sourcecode.swift; path = customTextField.swift; sourceTree = "<group>"; };
		18E71B541CCECC9200DB94ED /* MaterialView.swift */ = {isa = PBXFileReference; fileEncoding = 4; lastKnownFileType = sourcecode.swift; path = MaterialView.swift; sourceTree = "<group>"; };
		18E71B561CD4093100DB94ED /* boardCell.swift */ = {isa = PBXFileReference; fileEncoding = 4; lastKnownFileType = sourcecode.swift; path = boardCell.swift; sourceTree = "<group>"; };
		18E71B591CD40B4C00DB94ED /* Right Chalk.ttf */ = {isa = PBXFileReference; lastKnownFileType = file; path = "Right Chalk.ttf"; sourceTree = "<group>"; };
		18E71B5B1CD40CB000DB94ED /* DJB Chalk It Up.ttf */ = {isa = PBXFileReference; lastKnownFileType = file; path = "DJB Chalk It Up.ttf"; sourceTree = "<group>"; };
		18E71B5D1CD60EB900DB94ED /* Task+CoreDataProperties.swift */ = {isa = PBXFileReference; fileEncoding = 4; lastKnownFileType = sourcecode.swift; path = "Task+CoreDataProperties.swift"; sourceTree = "<group>"; };
		18E71B5F1CD60EF600DB94ED /* Task.swift */ = {isa = PBXFileReference; fileEncoding = 4; lastKnownFileType = sourcecode.swift; path = Task.swift; sourceTree = "<group>"; };
		18E71B621CD6EB4600DB94ED /* BoardDetailsVC.swift */ = {isa = PBXFileReference; fileEncoding = 4; lastKnownFileType = sourcecode.swift; path = BoardDetailsVC.swift; sourceTree = "<group>"; };
		18E71B641CD6F29700DB94ED /* Board+CoreDataProperties.swift */ = {isa = PBXFileReference; fileEncoding = 4; lastKnownFileType = sourcecode.swift; name = "Board+CoreDataProperties.swift"; path = "../Board+CoreDataProperties.swift"; sourceTree = "<group>"; };
/* End PBXFileReference section */

/* Begin PBXFrameworksBuildPhase section */
		18E71B241CCEB0B500DB94ED /* Frameworks */ = {
			isa = PBXFrameworksBuildPhase;
			buildActionMask = 2147483647;
			files = (
			);
			runOnlyForDeploymentPostprocessing = 0;
		};
/* End PBXFrameworksBuildPhase section */

/* Begin PBXGroup section */
		18E71B1E1CCEB0B500DB94ED = {
			isa = PBXGroup;
			children = (
				18E71B291CCEB0B500DB94ED /* MyScrum */,
				18E71B281CCEB0B500DB94ED /* Products */,
			);
			sourceTree = "<group>";
		};
		18E71B281CCEB0B500DB94ED /* Products */ = {
			isa = PBXGroup;
			children = (
				18E71B271CCEB0B500DB94ED /* MyScrum.app */,
			);
			name = Products;
			sourceTree = "<group>";
		};
		18E71B291CCEB0B500DB94ED /* MyScrum */ = {
			isa = PBXGroup;
			children = (
				18E71B611CD6EB1C00DB94ED /* Controllers */,
				18E71B581CD40B2E00DB94ED /* Resources */,
				18E71B511CCECC0100DB94ED /* Views */,
				18E71B4F1CCECB4F00DB94ED /* model */,
				18E71B2A1CCEB0B500DB94ED /* AppDelegate.swift */,
				18E71B2E1CCEB0B500DB94ED /* Main.storyboard */,
				18E71B341CCEB0B500DB94ED /* Assets.xcassets */,
				18E71B361CCEB0B500DB94ED /* LaunchScreen.storyboard */,
				18E71B391CCEB0B500DB94ED /* Info.plist */,
				18E71B311CCEB0B500DB94ED /* MyScrum.xcdatamodeld */,
			);
			path = MyScrum;
			sourceTree = "<group>";
		};
		18E71B4F1CCECB4F00DB94ED /* model */ = {
			isa = PBXGroup;
			children = (
				18E71B401CCECB3400DB94ED /* Reminder.swift */,
				18E71B5F1CD60EF600DB94ED /* Task.swift */,
				18E71B421CCECB3400DB94ED /* Board.swift */,
				18E71B461CCECB3400DB94ED /* Goal.swift */,
				18E71B501CCECB6100DB94ED /* generated */,
			);
			name = model;
			sourceTree = "<group>";
		};
		18E71B501CCECB6100DB94ED /* generated */ = {
			isa = PBXGroup;
			children = (
				18E71B3F1CCECB3400DB94ED /* Reminder+CoreDataProperties.swift */,
				18E71B5D1CD60EB900DB94ED /* Task+CoreDataProperties.swift */,
				18E71B451CCECB3400DB94ED /* Goal+CoreDataProperties.swift */,
				18E71B641CD6F29700DB94ED /* Board+CoreDataProperties.swift */,
			);
			name = generated;
			sourceTree = "<group>";
		};
		18E71B511CCECC0100DB94ED /* Views */ = {
			isa = PBXGroup;
			children = (
				18E71B521CCECC3E00DB94ED /* customTextField.swift */,
				18E71B541CCECC9200DB94ED /* MaterialView.swift */,
				18E71B561CD4093100DB94ED /* boardCell.swift */,
			);
			name = Views;
			sourceTree = "<group>";
		};
		18E71B581CD40B2E00DB94ED /* Resources */ = {
			isa = PBXGroup;
			children = (
				18E71B591CD40B4C00DB94ED /* Right Chalk.ttf */,
				18E71B5B1CD40CB000DB94ED /* DJB Chalk It Up.ttf */,
			);
			name = Resources;
			sourceTree = "<group>";
		};
		18E71B611CD6EB1C00DB94ED /* Controllers */ = {
			isa = PBXGroup;
			children = (
				18E71B2C1CCEB0B500DB94ED /* ViewController.swift */,
				18E71B621CD6EB4600DB94ED /* BoardDetailsVC.swift */,
			);
			name = Controllers;
			sourceTree = "<group>";
		};
/* End PBXGroup section */

/* Begin PBXNativeTarget section */
		18E71B261CCEB0B500DB94ED /* MyScrum */ = {
			isa = PBXNativeTarget;
			buildConfigurationList = 18E71B3C1CCEB0B500DB94ED /* Build configuration list for PBXNativeTarget "MyScrum" */;
			buildPhases = (
				18E71B231CCEB0B500DB94ED /* Sources */,
				18E71B241CCEB0B500DB94ED /* Frameworks */,
				18E71B251CCEB0B500DB94ED /* Resources */,
			);
			buildRules = (
			);
			dependencies = (
			);
			name = MyScrum;
			productName = MyScrum;
			productReference = 18E71B271CCEB0B500DB94ED /* MyScrum.app */;
			productType = "com.apple.product-type.application";
		};
/* End PBXNativeTarget section */

/* Begin PBXProject section */
		18E71B1F1CCEB0B500DB94ED /* Project object */ = {
			isa = PBXProject;
			attributes = {
				LastSwiftUpdateCheck = 0730;
				LastUpgradeCheck = 0730;
				ORGANIZATIONNAME = Inspiright;
				TargetAttributes = {
					18E71B261CCEB0B500DB94ED = {
						CreatedOnToolsVersion = 7.3;
					};
				};
			};
			buildConfigurationList = 18E71B221CCEB0B500DB94ED /* Build configuration list for PBXProject "MyScrum" */;
			compatibilityVersion = "Xcode 3.2";
			developmentRegion = English;
			hasScannedForEncodings = 0;
			knownRegions = (
				en,
				Base,
			);
			mainGroup = 18E71B1E1CCEB0B500DB94ED;
			productRefGroup = 18E71B281CCEB0B500DB94ED /* Products */;
			projectDirPath = "";
			projectRoot = "";
			targets = (
				18E71B261CCEB0B500DB94ED /* MyScrum */,
			);
		};
/* End PBXProject section */

/* Begin PBXResourcesBuildPhase section */
		18E71B251CCEB0B500DB94ED /* Resources */ = {
			isa = PBXResourcesBuildPhase;
			buildActionMask = 2147483647;
			files = (
				18E71B5C1CD40CB000DB94ED /* DJB Chalk It Up.ttf in Resources */,
				18E71B5A1CD40B4C00DB94ED /* Right Chalk.ttf in Resources */,
				18E71B381CCEB0B500DB94ED /* LaunchScreen.storyboard in Resources */,
				18E71B351CCEB0B500DB94ED /* Assets.xcassets in Resources */,
				18E71B301CCEB0B500DB94ED /* Main.storyboard in Resources */,
			);
			runOnlyForDeploymentPostprocessing = 0;
		};
/* End PBXResourcesBuildPhase section */

/* Begin PBXSourcesBuildPhase section */
		18E71B231CCEB0B500DB94ED /* Sources */ = {
			isa = PBXSourcesBuildPhase;
			buildActionMask = 2147483647;
			files = (
				18E71B4D1CCECB3400DB94ED /* Goal+CoreDataProperties.swift in Sources */,
				18E71B2D1CCEB0B500DB94ED /* ViewController.swift in Sources */,
				18E71B631CD6EB4600DB94ED /* BoardDetailsVC.swift in Sources */,
				18E71B2B1CCEB0B500DB94ED /* AppDelegate.swift in Sources */,
				18E71B551CCECC9200DB94ED /* MaterialView.swift in Sources */,
				18E71B331CCEB0B500DB94ED /* MyScrum.xcdatamodeld in Sources */,
				18E71B571CD4093100DB94ED /* boardCell.swift in Sources */,
				18E71B4A1CCECB3400DB94ED /* Board.swift in Sources */,
				18E71B4E1CCECB3400DB94ED /* Goal.swift in Sources */,
				18E71B471CCECB3400DB94ED /* Reminder+CoreDataProperties.swift in Sources */,
				18E71B5E1CD60EB900DB94ED /* Task+CoreDataProperties.swift in Sources */,
				18E71B531CCECC3E00DB94ED /* customTextField.swift in Sources */,
				18E71B601CD60EF600DB94ED /* Task.swift in Sources */,
				18E71B481CCECB3400DB94ED /* Reminder.swift in Sources */,
				18E71B661CD6F29700DB94ED /* Board+CoreDataProperties.swift in Sources */,
			);
			runOnlyForDeploymentPostprocessing = 0;
		};
/* End PBXSourcesBuildPhase section */

/* Begin PBXVariantGroup section */
		18E71B2E1CCEB0B500DB94ED /* Main.storyboard */ = {
			isa = PBXVariantGroup;
			children = (
				18E71B2F1CCEB0B500DB94ED /* Base */,
			);
			name = Main.storyboard;
			sourceTree = "<group>";
		};
		18E71B361CCEB0B500DB94ED /* LaunchScreen.storyboard */ = {
			isa = PBXVariantGroup;
			children = (
				18E71B371CCEB0B500DB94ED /* Base */,
			);
			name = LaunchScreen.storyboard;
			sourceTree = "<group>";
		};
/* End PBXVariantGroup section */

/* Begin XCBuildConfiguration section */
		18E71B3A1CCEB0B500DB94ED /* Debug */ = {
			isa = XCBuildConfiguration;
			buildSettings = {
				ALWAYS_SEARCH_USER_PATHS = NO;
				CLANG_ANALYZER_NONNULL = YES;
				CLANG_CXX_LANGUAGE_STANDARD = "gnu++0x";
				CLANG_CXX_LIBRARY = "libc++";
				CLANG_ENABLE_MODULES = YES;
				CLANG_ENABLE_OBJC_ARC = YES;
				CLANG_WARN_BOOL_CONVERSION = YES;
				CLANG_WARN_CONSTANT_CONVERSION = YES;
				CLANG_WARN_DIRECT_OBJC_ISA_USAGE = YES_ERROR;
				CLANG_WARN_EMPTY_BODY = YES;
				CLANG_WARN_ENUM_CONVERSION = YES;
				CLANG_WARN_INT_CONVERSION = YES;
				CLANG_WARN_OBJC_ROOT_CLASS = YES_ERROR;
				CLANG_WARN_UNREACHABLE_CODE = YES;
				CLANG_WARN__DUPLICATE_METHOD_MATCH = YES;
				"CODE_SIGN_IDENTITY[sdk=iphoneos*]" = "iPhone Developer";
				COPY_PHASE_STRIP = NO;
				DEBUG_INFORMATION_FORMAT = dwarf;
				ENABLE_STRICT_OBJC_MSGSEND = YES;
				ENABLE_TESTABILITY = YES;
				GCC_C_LANGUAGE_STANDARD = gnu99;
				GCC_DYNAMIC_NO_PIC = NO;
				GCC_NO_COMMON_BLOCKS = YES;
				GCC_OPTIMIZATION_LEVEL = 0;
				GCC_PREPROCESSOR_DEFINITIONS = (
					"DEBUG=1",
					"$(inherited)",
				);
				GCC_WARN_64_TO_32_BIT_CONVERSION = YES;
				GCC_WARN_ABOUT_RETURN_TYPE = YES_ERROR;
				GCC_WARN_UNDECLARED_SELECTOR = YES;
				GCC_WARN_UNINITIALIZED_AUTOS = YES_AGGRESSIVE;
				GCC_WARN_UNUSED_FUNCTION = YES;
				GCC_WARN_UNUSED_VARIABLE = YES;
				IPHONEOS_DEPLOYMENT_TARGET = 9.3;
				MTL_ENABLE_DEBUG_INFO = YES;
				ONLY_ACTIVE_ARCH = YES;
				SDKROOT = iphoneos;
				SWIFT_OPTIMIZATION_LEVEL = "-Onone";
				TARGETED_DEVICE_FAMILY = "1,2";
			};
			name = Debug;
		};
		18E71B3B1CCEB0B500DB94ED /* Release */ = {
			isa = XCBuildConfiguration;
			buildSettings = {
				ALWAYS_SEARCH_USER_PATHS = NO;
				CLANG_ANALYZER_NONNULL = YES;
				CLANG_CXX_LANGUAGE_STANDARD = "gnu++0x";
				CLANG_CXX_LIBRARY = "libc++";
				CLANG_ENABLE_MODULES = YES;
				CLANG_ENABLE_OBJC_ARC = YES;
				CLANG_WARN_BOOL_CONVERSION = YES;
				CLANG_WARN_CONSTANT_CONVERSION = YES;
				CLANG_WARN_DIRECT_OBJC_ISA_USAGE = YES_ERROR;
				CLANG_WARN_EMPTY_BODY = YES;
				CLANG_WARN_ENUM_CONVERSION = YES;
				CLANG_WARN_INT_CONVERSION = YES;
				CLANG_WARN_OBJC_ROOT_CLASS = YES_ERROR;
				CLANG_WARN_UNREACHABLE_CODE = YES;
				CLANG_WARN__DUPLICATE_METHOD_MATCH = YES;
				"CODE_SIGN_IDENTITY[sdk=iphoneos*]" = "iPhone Developer";
				COPY_PHASE_STRIP = NO;
				DEBUG_INFORMATION_FORMAT = "dwarf-with-dsym";
				ENABLE_NS_ASSERTIONS = NO;
				ENABLE_STRICT_OBJC_MSGSEND = YES;
				GCC_C_LANGUAGE_STANDARD = gnu99;
				GCC_NO_COMMON_BLOCKS = YES;
				GCC_WARN_64_TO_32_BIT_CONVERSION = YES;
				GCC_WARN_ABOUT_RETURN_TYPE = YES_ERROR;
				GCC_WARN_UNDECLARED_SELECTOR = YES;
				GCC_WARN_UNINITIALIZED_AUTOS = YES_AGGRESSIVE;
				GCC_WARN_UNUSED_FUNCTION = YES;
				GCC_WARN_UNUSED_VARIABLE = YES;
				IPHONEOS_DEPLOYMENT_TARGET = 9.3;
				MTL_ENABLE_DEBUG_INFO = NO;
				SDKROOT = iphoneos;
				TARGETED_DEVICE_FAMILY = "1,2";
				VALIDATE_PRODUCT = YES;
			};
			name = Release;
		};
		18E71B3D1CCEB0B500DB94ED /* Debug */ = {
			isa = XCBuildConfiguration;
			buildSettings = {
				ASSETCATALOG_COMPILER_APPICON_NAME = AppIcon;
				INFOPLIST_FILE = MyScrum/Info.plist;
				LD_RUNPATH_SEARCH_PATHS = "$(inherited) @executable_path/Frameworks";
				PRODUCT_BUNDLE_IDENTIFIER = com.Inspiright.MyScrum;
				PRODUCT_NAME = "$(TARGET_NAME)";
			};
			name = Debug;
		};
		18E71B3E1CCEB0B500DB94ED /* Release */ = {
			isa = XCBuildConfiguration;
			buildSettings = {
				ASSETCATALOG_COMPILER_APPICON_NAME = AppIcon;
				INFOPLIST_FILE = MyScrum/Info.plist;
				LD_RUNPATH_SEARCH_PATHS = "$(inherited) @executable_path/Frameworks";
				PRODUCT_BUNDLE_IDENTIFIER = com.Inspiright.MyScrum;
				PRODUCT_NAME = "$(TARGET_NAME)";
			};
			name = Release;
		};
/* End XCBuildConfiguration section */

/* Begin XCConfigurationList section */
		18E71B221CCEB0B500DB94ED /* Build configuration list for PBXProject "MyScrum" */ = {
			isa = XCConfigurationList;
			buildConfigurations = (
				18E71B3A1CCEB0B500DB94ED /* Debug */,
				18E71B3B1CCEB0B500DB94ED /* Release */,
			);
			defaultConfigurationIsVisible = 0;
			defaultConfigurationName = Release;
		};
		18E71B3C1CCEB0B500DB94ED /* Build configuration list for PBXNativeTarget "MyScrum" */ = {
			isa = XCConfigurationList;
			buildConfigurations = (
				18E71B3D1CCEB0B500DB94ED /* Debug */,
				18E71B3E1CCEB0B500DB94ED /* Release */,
			);
			defaultConfigurationIsVisible = 0;
			defaultConfigurationName = Release;
		};
/* End XCConfigurationList section */

/* Begin XCVersionGroup section */
		18E71B311CCEB0B500DB94ED /* MyScrum.xcdatamodeld */ = {
			isa = XCVersionGroup;
			children = (
				18E71B321CCEB0B500DB94ED /* MyScrum.xcdatamodel */,
			);
			currentVersion = 18E71B321CCEB0B500DB94ED /* MyScrum.xcdatamodel */;
			path = MyScrum.xcdatamodeld;
			sourceTree = "<group>";
			versionGroupType = wrapper.xcdatamodel;
		};
/* End XCVersionGroup section */
	};
	rootObject = 18E71B1F1CCEB0B500DB94ED /* Project object */;
}
